{
  "object": {
    "pins": [
      {
        "package": "Async",
        "repositoryURL": "https://github.com/vapor/async.git",
        "state": {
          "branch": "beta",
          "revision": "3dbcc352b38eb6d42910d7d68a24fcd48b1bd73f",
          "version": null
        }
      },
      {
        "package": "Core",
        "repositoryURL": "https://github.com/vapor/core.git",
        "state": {
          "branch": "beta",
          "revision": "984e09d9f2109a70bd8c48a9057dc00973ec8c8a",
          "version": null
        }
      }
    ]
  },
  "version": 1
}
